
Microsoft Visual Studio Solution File, Format Version 12.00
# Visual Studio Version 16
VisualStudioVersion = 16.0.29209.152
MinimumVisualStudioVersion = 10.0.40219.1
Project("{2150E333-8FDC-42A3-9474-1A3956D46DE8}") = "Common", "Common", "{35B3FE06-BA9A-4F27-BAC1-3DCAF48871EF}"
EndProject
Project("{2150E333-8FDC-42A3-9474-1A3956D46DE8}") = "UI", "UI", "{BBB7487C-EA80-4B32-9DA5-87A6719D7635}"
EndProject
Project("{2150E333-8FDC-42A3-9474-1A3956D46DE8}") = "Services", "Services", "{59E45F6C-12D8-44F6-BD5F-024B22FA94A3}"
EndProject
Project("{9A19103F-16F7-4668-BE54-9A1E7A4F7556}") = "WebStore", "UI\WebStore\WebStore.csproj", "{8122185F-0826-4C31-9023-825017A19BF7}"
EndProject
Project("{9A19103F-16F7-4668-BE54-9A1E7A4F7556}") = "WebStore.ServiceHosting", "Services\WebStore.ServiceHosting\WebStore.ServiceHosting.csproj", "{62AAB25D-434C-4D25-88F3-5D222DC66969}"
EndProject
Project("{9A19103F-16F7-4668-BE54-9A1E7A4F7556}") = "WebStore.DAL", "Services\WebStore.DAL\WebStore.DAL.csproj", "{31CA4B36-AE8C-4555-A763-B074507FAD32}"
EndProject
Project("{9A19103F-16F7-4668-BE54-9A1E7A4F7556}") = "WebStore.Domain", "Common\WebStore.Domain\WebStore.Domain.csproj", "{0F759954-F6C1-4319-A8E8-5A70975E335C}"
EndProject
Project("{9A19103F-16F7-4668-BE54-9A1E7A4F7556}") = "WebStore.Clients", "Services\WebStore.Clients\WebStore.Clients.csproj", "{07E498B6-9708-4450-B388-A3D6D0188926}"
EndProject
Project("{9A19103F-16F7-4668-BE54-9A1E7A4F7556}") = "WebStore.Services", "Services\WebStore.Services\WebStore.Services.csproj", "{08F2D783-07A3-4746-8E8D-19A0C94E7761}"
EndProject
Project("{9A19103F-16F7-4668-BE54-9A1E7A4F7556}") = "WebStore.Interfaces", "Services\WebStore.Interfaces\WebStore.Interfaces.csproj", "{A3DF6D46-A32F-443D-97BB-9B7F0B2D6DF1}"
EndProject
Project("{9A19103F-16F7-4668-BE54-9A1E7A4F7556}") = "WebStore.Logger", "Common\WebStore.Logger\WebStore.Logger.csproj", "{2F4625A9-5AC0-4542-ABB4-795446523500}"
EndProject
Project("{2150E333-8FDC-42A3-9474-1A3956D46DE8}") = "Tests", "Tests", "{487E693B-C0BA-437A-8BCE-0F69AD742EB7}"
EndProject
Project("{FAE04EC0-301F-11D3-BF4B-00C04F79EFBC}") = "WebStore.Tests", "Tests\WebStore.Tests\WebStore.Tests.csproj", "{06B7E7EE-CFE0-4C8E-92D1-1D0EFE3A33FF}"
EndProject
Global
	GlobalSection(SolutionConfigurationPlatforms) = preSolution
		Debug|Any CPU = Debug|Any CPU
		Release|Any CPU = Release|Any CPU
	EndGlobalSection
	GlobalSection(ProjectConfigurationPlatforms) = postSolution
		{8122185F-0826-4C31-9023-825017A19BF7}.Debug|Any CPU.ActiveCfg = Debug|Any CPU
		{8122185F-0826-4C31-9023-825017A19BF7}.Debug|Any CPU.Build.0 = Debug|Any CPU
		{8122185F-0826-4C31-9023-825017A19BF7}.Release|Any CPU.ActiveCfg = Release|Any CPU
		{8122185F-0826-4C31-9023-825017A19BF7}.Release|Any CPU.Build.0 = Release|Any CPU
		{62AAB25D-434C-4D25-88F3-5D222DC66969}.Debug|Any CPU.ActiveCfg = Debug|Any CPU
		{62AAB25D-434C-4D25-88F3-5D222DC66969}.Debug|Any CPU.Build.0 = Debug|Any CPU
		{62AAB25D-434C-4D25-88F3-5D222DC66969}.Release|Any CPU.ActiveCfg = Release|Any CPU
		{62AAB25D-434C-4D25-88F3-5D222DC66969}.Release|Any CPU.Build.0 = Release|Any CPU
		{31CA4B36-AE8C-4555-A763-B074507FAD32}.Debug|Any CPU.ActiveCfg = Debug|Any CPU
		{31CA4B36-AE8C-4555-A763-B074507FAD32}.Debug|Any CPU.Build.0 = Debug|Any CPU
		{31CA4B36-AE8C-4555-A763-B074507FAD32}.Release|Any CPU.ActiveCfg = Release|Any CPU
		{31CA4B36-AE8C-4555-A763-B074507FAD32}.Release|Any CPU.Build.0 = Release|Any CPU
		{0F759954-F6C1-4319-A8E8-5A70975E335C}.Debug|Any CPU.ActiveCfg = Debug|Any CPU
		{0F759954-F6C1-4319-A8E8-5A70975E335C}.Debug|Any CPU.Build.0 = Debug|Any CPU
		{0F759954-F6C1-4319-A8E8-5A70975E335C}.Release|Any CPU.ActiveCfg = Release|Any CPU
		{0F759954-F6C1-4319-A8E8-5A70975E335C}.Release|Any CPU.Build.0 = Release|Any CPU
		{07E498B6-9708-4450-B388-A3D6D0188926}.Debug|Any CPU.ActiveCfg = Debug|Any CPU
		{07E498B6-9708-4450-B388-A3D6D0188926}.Debug|Any CPU.Build.0 = Debug|Any CPU
		{07E498B6-9708-4450-B388-A3D6D0188926}.Release|Any CPU.ActiveCfg = Release|Any CPU
		{07E498B6-9708-4450-B388-A3D6D0188926}.Release|Any CPU.Build.0 = Release|Any CPU
		{08F2D783-07A3-4746-8E8D-19A0C94E7761}.Debug|Any CPU.ActiveCfg = Debug|Any CPU
		{08F2D783-07A3-4746-8E8D-19A0C94E7761}.Debug|Any CPU.Build.0 = Debug|Any CPU
		{08F2D783-07A3-4746-8E8D-19A0C94E7761}.Release|Any CPU.ActiveCfg = Release|Any CPU
		{08F2D783-07A3-4746-8E8D-19A0C94E7761}.Release|Any CPU.Build.0 = Release|Any CPU
		{A3DF6D46-A32F-443D-97BB-9B7F0B2D6DF1}.Debug|Any CPU.ActiveCfg = Debug|Any CPU
		{A3DF6D46-A32F-443D-97BB-9B7F0B2D6DF1}.Debug|Any CPU.Build.0 = Debug|Any CPU
		{A3DF6D46-A32F-443D-97BB-9B7F0B2D6DF1}.Release|Any CPU.ActiveCfg = Release|Any CPU
		{A3DF6D46-A32F-443D-97BB-9B7F0B2D6DF1}.Release|Any CPU.Build.0 = Release|Any CPU
		{2F4625A9-5AC0-4542-ABB4-795446523500}.Debug|Any CPU.ActiveCfg = Debug|Any CPU
		{2F4625A9-5AC0-4542-ABB4-795446523500}.Debug|Any CPU.Build.0 = Debug|Any CPU
		{2F4625A9-5AC0-4542-ABB4-795446523500}.Release|Any CPU.ActiveCfg = Release|Any CPU
		{2F4625A9-5AC0-4542-ABB4-795446523500}.Release|Any CPU.Build.0 = Release|Any CPU
		{06B7E7EE-CFE0-4C8E-92D1-1D0EFE3A33FF}.Debug|Any CPU.ActiveCfg = Debug|Any CPU
		{06B7E7EE-CFE0-4C8E-92D1-1D0EFE3A33FF}.Debug|Any CPU.Build.0 = Debug|Any CPU
		{06B7E7EE-CFE0-4C8E-92D1-1D0EFE3A33FF}.Release|Any CPU.ActiveCfg = Release|Any CPU
		{06B7E7EE-CFE0-4C8E-92D1-1D0EFE3A33FF}.Release|Any CPU.Build.0 = Release|Any CPU
	EndGlobalSection
	GlobalSection(SolutionProperties) = preSolution
		HideSolutionNode = FALSE
	EndGlobalSection
	GlobalSection(NestedProjects) = preSolution
		{8122185F-0826-4C31-9023-825017A19BF7} = {BBB7487C-EA80-4B32-9DA5-87A6719D7635}
		{62AAB25D-434C-4D25-88F3-5D222DC66969} = {59E45F6C-12D8-44F6-BD5F-024B22FA94A3}
		{31CA4B36-AE8C-4555-A763-B074507FAD32} = {59E45F6C-12D8-44F6-BD5F-024B22FA94A3}
		{0F759954-F6C1-4319-A8E8-5A70975E335C} = {35B3FE06-BA9A-4F27-BAC1-3DCAF48871EF}
		{07E498B6-9708-4450-B388-A3D6D0188926} = {59E45F6C-12D8-44F6-BD5F-024B22FA94A3}
		{08F2D783-07A3-4746-8E8D-19A0C94E7761} = {59E45F6C-12D8-44F6-BD5F-024B22FA94A3}
		{A3DF6D46-A32F-443D-97BB-9B7F0B2D6DF1} = {59E45F6C-12D8-44F6-BD5F-024B22FA94A3}
		{2F4625A9-5AC0-4542-ABB4-795446523500} = {35B3FE06-BA9A-4F27-BAC1-3DCAF48871EF}
		{06B7E7EE-CFE0-4C8E-92D1-1D0EFE3A33FF} = {487E693B-C0BA-437A-8BCE-0F69AD742EB7}
	EndGlobalSection
	GlobalSection(ExtensibilityGlobals) = postSolution
		SolutionGuid = {CD455C3C-A41F-4274-9074-6E05CFB88EFD}
	EndGlobalSection
EndGlobal
