
Microsoft Visual Studio Solution File, Format Version 12.00
# Visual Studio Version 16
VisualStudioVersion = 16.0.29209.152
MinimumVisualStudioVersion = 10.0.40219.1
Project("{9A19103F-16F7-4668-BE54-9A1E7A4F7556}") = "WebStore", "WebStore\WebStore.csproj", "{3D065EA0-7ABB-4F20-8AAD-4F8F2FEB28B5}"
EndProject
Project("{9A19103F-16F7-4668-BE54-9A1E7A4F7556}") = "WebStore.Domain", "WebStore.Domain\WebStore.Domain\WebStore.Domain.csproj", "{446BA416-D332-4BB7-B33A-4AE82F37D370}"
EndProject
Project("{FAE04EC0-301F-11D3-BF4B-00C04F79EFBC}") = "WebStore.DAL", "WebStore.DAL\WebStore.DAL.csproj", "{61712202-919C-471B-8A4E-87F3E1ABF6CC}"
EndProject
Global
	GlobalSection(SolutionConfigurationPlatforms) = preSolution
		Debug|Any CPU = Debug|Any CPU
		Release|Any CPU = Release|Any CPU
	EndGlobalSection
	GlobalSection(ProjectConfigurationPlatforms) = postSolution
		{3D065EA0-7ABB-4F20-8AAD-4F8F2FEB28B5}.Debug|Any CPU.ActiveCfg = Debug|Any CPU
		{3D065EA0-7ABB-4F20-8AAD-4F8F2FEB28B5}.Debug|Any CPU.Build.0 = Debug|Any CPU
		{3D065EA0-7ABB-4F20-8AAD-4F8F2FEB28B5}.Release|Any CPU.ActiveCfg = Release|Any CPU
		{3D065EA0-7ABB-4F20-8AAD-4F8F2FEB28B5}.Release|Any CPU.Build.0 = Release|Any CPU
		{446BA416-D332-4BB7-B33A-4AE82F37D370}.Debug|Any CPU.ActiveCfg = Debug|Any CPU
		{446BA416-D332-4BB7-B33A-4AE82F37D370}.Debug|Any CPU.Build.0 = Debug|Any CPU
		{446BA416-D332-4BB7-B33A-4AE82F37D370}.Release|Any CPU.ActiveCfg = Release|Any CPU
		{446BA416-D332-4BB7-B33A-4AE82F37D370}.Release|Any CPU.Build.0 = Release|Any CPU
		{61712202-919C-471B-8A4E-87F3E1ABF6CC}.Debug|Any CPU.ActiveCfg = Debug|Any CPU
		{61712202-919C-471B-8A4E-87F3E1ABF6CC}.Debug|Any CPU.Build.0 = Debug|Any CPU
		{61712202-919C-471B-8A4E-87F3E1ABF6CC}.Release|Any CPU.ActiveCfg = Release|Any CPU
		{61712202-919C-471B-8A4E-87F3E1ABF6CC}.Release|Any CPU.Build.0 = Release|Any CPU
	EndGlobalSection
	GlobalSection(SolutionProperties) = preSolution
		HideSolutionNode = FALSE
	EndGlobalSection
	GlobalSection(ExtensibilityGlobals) = postSolution
		SolutionGuid = {CD455C3C-A41F-4274-9074-6E05CFB88EFD}
	EndGlobalSection
EndGlobal
